// !$*UTF8*$!
{
	archiveVersion = 1;
	classes = {
	};
	objectVersion = 50;
	objects = {

/* Begin PBXBuildFile section */
		7B18869523FF7442001DA640 /* AppDelegate.swift in Sources */ = {isa = PBXBuildFile; fileRef = 7B18869423FF7442001DA640 /* AppDelegate.swift */; };
		7B18869723FF7442001DA640 /* SceneDelegate.swift in Sources */ = {isa = PBXBuildFile; fileRef = 7B18869623FF7442001DA640 /* SceneDelegate.swift */; };
		7B18869923FF7442001DA640 /* ContentView.swift in Sources */ = {isa = PBXBuildFile; fileRef = 7B18869823FF7442001DA640 /* ContentView.swift */; };
		7B18869B23FF7445001DA640 /* Assets.xcassets in Resources */ = {isa = PBXBuildFile; fileRef = 7B18869A23FF7445001DA640 /* Assets.xcassets */; };
		7B18869E23FF7445001DA640 /* Preview Assets.xcassets in Resources */ = {isa = PBXBuildFile; fileRef = 7B18869D23FF7445001DA640 /* Preview Assets.xcassets */; };
		7B1886A123FF7445001DA640 /* LaunchScreen.storyboard in Resources */ = {isa = PBXBuildFile; fileRef = 7B18869F23FF7445001DA640 /* LaunchScreen.storyboard */; };
/* End PBXBuildFile section */

/* Begin PBXFileReference section */
		7B18869123FF7442001DA640 /* ChartRecorder.app */ = {isa = PBXFileReference; explicitFileType = wrapper.application; includeInIndex = 0; path = ChartRecorder.app; sourceTree = BUILT_PRODUCTS_DIR; };
		7B18869423FF7442001DA640 /* AppDelegate.swift */ = {isa = PBXFileReference; lastKnownFileType = sourcecode.swift; path = AppDelegate.swift; sourceTree = "<group>"; };
		7B18869623FF7442001DA640 /* SceneDelegate.swift */ = {isa = PBXFileReference; lastKnownFileType = sourcecode.swift; path = SceneDelegate.swift; sourceTree = "<group>"; };
		7B18869823FF7442001DA640 /* ContentView.swift */ = {isa = PBXFileReference; lastKnownFileType = sourcecode.swift; path = ContentView.swift; sourceTree = "<group>"; };
		7B18869A23FF7445001DA640 /* Assets.xcassets */ = {isa = PBXFileReference; lastKnownFileType = folder.assetcatalog; path = Assets.xcassets; sourceTree = "<group>"; };
		7B18869D23FF7445001DA640 /* Preview Assets.xcassets */ = {isa = PBXFileReference; lastKnownFileType = folder.assetcatalog; path = "Preview Assets.xcassets"; sourceTree = "<group>"; };
		7B1886A023FF7445001DA640 /* Base */ = {isa = PBXFileReference; lastKnownFileType = file.storyboard; name = Base; path = Base.lproj/LaunchScreen.storyboard; sourceTree = "<group>"; };
		7B1886A223FF7445001DA640 /* Info.plist */ = {isa = PBXFileReference; lastKnownFileType = text.plist.xml; path = Info.plist; sourceTree = "<group>"; };
/* End PBXFileReference section */

/* Begin PBXFrameworksBuildPhase section */
		7B18868E23FF7442001DA640 /* Frameworks */ = {
			isa = PBXFrameworksBuildPhase;
			buildActionMask = 2147483647;
			files = (
			);
			runOnlyForDeploymentPostprocessing = 0;
		};
/* End PBXFrameworksBuildPhase section */

/* Begin PBXGroup section */
		7B18868823FF7441001DA640 = {
			isa = PBXGroup;
			children = (
				7B18869323FF7442001DA640 /* ChartRecorder */,
				7B18869223FF7442001DA640 /* Products */,
			);
			sourceTree = "<group>";
		};
		7B18869223FF7442001DA640 /* Products */ = {
			isa = PBXGroup;
			children = (
				7B18869123FF7442001DA640 /* ChartRecorder.app */,
			);
			name = Products;
			sourceTree = "<group>";
		};
		7B18869323FF7442001DA640 /* ChartRecorder */ = {
			isa = PBXGroup;
			children = (
				7B18869423FF7442001DA640 /* AppDelegate.swift */,
				7B18869623FF7442001DA640 /* SceneDelegate.swift */,
				7B18869823FF7442001DA640 /* ContentView.swift */,
				7B18869A23FF7445001DA640 /* Assets.xcassets */,
				7B18869F23FF7445001DA640 /* LaunchScreen.storyboard */,
				7B1886A223FF7445001DA640 /* Info.plist */,
				7B18869C23FF7445001DA640 /* Preview Content */,
			);
			path = ChartRecorder;
			sourceTree = "<group>";
		};
		7B18869C23FF7445001DA640 /* Preview Content */ = {
			isa = PBXGroup;
			children = (
				7B18869D23FF7445001DA640 /* Preview Assets.xcassets */,
			);
			path = "Preview Content";
			sourceTree = "<group>";
		};
/* End PBXGroup section */

/* Begin PBXNativeTarget section */
		7B18869023FF7442001DA640 /* ChartRecorder */ = {
			isa = PBXNativeTarget;
			buildConfigurationList = 7B1886A523FF7445001DA640 /* Build configuration list for PBXNativeTarget "ChartRecorder" */;
			buildPhases = (
				7B18868D23FF7442001DA640 /* Sources */,
				7B18868E23FF7442001DA640 /* Frameworks */,
				7B18868F23FF7442001DA640 /* Resources */,
			);
			buildRules = (
			);
			dependencies = (
			);
			name = ChartRecorder;
			productName = ChartRecorder;
			productReference = 7B18869123FF7442001DA640 /* ChartRecorder.app */;
			productType = "com.apple.product-type.application";
		};
/* End PBXNativeTarget section */

/* Begin PBXProject section */
		7B18868923FF7441001DA640 /* Project object */ = {
			isa = PBXProject;
			attributes = {
				LastSwiftUpdateCheck = 1130;
				LastUpgradeCheck = 1130;
				ORGANIZATIONNAME = "David McQueeney";
				TargetAttributes = {
					7B18869023FF7442001DA640 = {
						CreatedOnToolsVersion = 11.3;
					};
				};
			};
			buildConfigurationList = 7B18868C23FF7441001DA640 /* Build configuration list for PBXProject "ChartRecorder" */;
			compatibilityVersion = "Xcode 9.3";
			developmentRegion = en;
			hasScannedForEncodings = 0;
			knownRegions = (
				en,
				Base,
			);
			mainGroup = 7B18868823FF7441001DA640;
			productRefGroup = 7B18869223FF7442001DA640 /* Products */;
			projectDirPath = "";
			projectRoot = "";
			targets = (
				7B18869023FF7442001DA640 /* ChartRecorder */,
			);
		};
/* End PBXProject section */

/* Begin PBXResourcesBuildPhase section */
		7B18868F23FF7442001DA640 /* Resources */ = {
			isa = PBXResourcesBuildPhase;
			buildActionMask = 2147483647;
			files = (
				7B1886A123FF7445001DA640 /* LaunchScreen.storyboard in Resources */,
				7B18869E23FF7445001DA640 /* Preview Assets.xcassets in Resources */,
				7B18869B23FF7445001DA640 /* Assets.xcassets in Resources */,
			);
			runOnlyForDeploymentPostprocessing = 0;
		};
/* End PBXResourcesBuildPhase section */

/* Begin PBXSourcesBuildPhase section */
		7B18868D23FF7442001DA640 /* Sources */ = {
			isa = PBXSourcesBuildPhase;
			buildActionMask = 2147483647;
			files = (
				7B18869523FF7442001DA640 /* AppDelegate.swift in Sources */,
				7B18869723FF7442001DA640 /* SceneDelegate.swift in Sources */,
				7B18869923FF7442001DA640 /* ContentView.swift in Sources */,
			);
			runOnlyForDeploymentPostprocessing = 0;
		};
/* End PBXSourcesBuildPhase section */

/* Begin PBXVariantGroup section */
		7B18869F23FF7445001DA640 /* LaunchScreen.storyboard */ = {
			isa = PBXVariantGroup;
			children = (
				7B1886A023FF7445001DA640 /* Base */,
			);
			name = LaunchScreen.storyboard;
			sourceTree = "<group>";
		};
/* End PBXVariantGroup section */

/* Begin XCBuildConfiguration section */
		7B1886A323FF7445001DA640 /* Debug */ = {
			isa = XCBuildConfiguration;
			buildSettings = {
				ALWAYS_SEARCH_USER_PATHS = NO;
				CLANG_ANALYZER_NONNULL = YES;
				CLANG_ANALYZER_NUMBER_OBJECT_CONVERSION = YES_AGGRESSIVE;
				CLANG_CXX_LANGUAGE_STANDARD = "gnu++14";
				CLANG_CXX_LIBRARY = "libc++";
				CLANG_ENABLE_MODULES = YES;
				CLANG_ENABLE_OBJC_ARC = YES;
				CLANG_ENABLE_OBJC_WEAK = YES;
				CLANG_WARN_BLOCK_CAPTURE_AUTORELEASING = YES;
				CLANG_WARN_BOOL_CONVERSION = YES;
				CLANG_WARN_COMMA = YES;
				CLANG_WARN_CONSTANT_CONVERSION = YES;
				CLANG_WARN_DEPRECATED_OBJC_IMPLEMENTATIONS = YES;
				CLANG_WARN_DIRECT_OBJC_ISA_USAGE = YES_ERROR;
				CLANG_WARN_DOCUMENTATION_COMMENTS = YES;
				CLANG_WARN_EMPTY_BODY = YES;
				CLANG_WARN_ENUM_CONVERSION = YES;
				CLANG_WARN_INFINITE_RECURSION = YES;
				CLANG_WARN_INT_CONVERSION = YES;
				CLANG_WARN_NON_LITERAL_NULL_CONVERSION = YES;
				CLANG_WARN_OBJC_IMPLICIT_RETAIN_SELF = YES;
				CLANG_WARN_OBJC_LITERAL_CONVERSION = YES;
				CLANG_WARN_OBJC_ROOT_CLASS = YES_ERROR;
				CLANG_WARN_RANGE_LOOP_ANALYSIS = YES;
				CLANG_WARN_STRICT_PROTOTYPES = YES;
				CLANG_WARN_SUSPICIOUS_MOVE = YES;
				CLANG_WARN_UNGUARDED_AVAILABILITY = YES_AGGRESSIVE;
				CLANG_WARN_UNREACHABLE_CODE = YES;
				CLANG_WARN__DUPLICATE_METHOD_MATCH = YES;
				COPY_PHASE_STRIP = NO;
				DEBUG_INFORMATION_FORMAT = dwarf;
				ENABLE_STRICT_OBJC_MSGSEND = YES;
				ENABLE_TESTABILITY = YES;
				GCC_C_LANGUAGE_STANDARD = gnu11;
				GCC_DYNAMIC_NO_PIC = NO;
				GCC_NO_COMMON_BLOCKS = YES;
				GCC_OPTIMIZATION_LEVEL = 0;
				GCC_PREPROCESSOR_DEFINITIONS = (
					"DEBUG=1",
					"$(inherited)",
				);
				GCC_WARN_64_TO_32_BIT_CONVERSION = YES;
				GCC_WARN_ABOUT_RETURN_TYPE = YES_ERROR;
				GCC_WARN_UNDECLARED_SELECTOR = YES;
				GCC_WARN_UNINITIALIZED_AUTOS = YES_AGGRESSIVE;
				GCC_WARN_UNUSED_FUNCTION = YES;
				GCC_WARN_UNUSED_VARIABLE = YES;
				IPHONEOS_DEPLOYMENT_TARGET = 13.2;
				MTL_ENABLE_DEBUG_INFO = INCLUDE_SOURCE;
				MTL_FAST_MATH = YES;
				ONLY_ACTIVE_ARCH = YES;
				SDKROOT = iphoneos;
				SWIFT_ACTIVE_COMPILATION_CONDITIONS = DEBUG;
				SWIFT_OPTIMIZATION_LEVEL = "-Onone";
			};
			name = Debug;
		};
		7B1886A423FF7445001DA640 /* Release */ = {
			isa = XCBuildConfiguration;
			buildSettings = {
				ALWAYS_SEARCH_USER_PATHS = NO;
				CLANG_ANALYZER_NONNULL = YES;
				CLANG_ANALYZER_NUMBER_OBJECT_CONVERSION = YES_AGGRESSIVE;
				CLANG_CXX_LANGUAGE_STANDARD = "gnu++14";
				CLANG_CXX_LIBRARY = "libc++";
				CLANG_ENABLE_MODULES = YES;
				CLANG_ENABLE_OBJC_ARC = YES;
				CLANG_ENABLE_OBJC_WEAK = YES;
				CLANG_WARN_BLOCK_CAPTURE_AUTORELEASING = YES;
				CLANG_WARN_BOOL_CONVERSION = YES;
				CLANG_WARN_COMMA = YES;
				CLANG_WARN_CONSTANT_CONVERSION = YES;
				CLANG_WARN_DEPRECATED_OBJC_IMPLEMENTATIONS = YES;
				CLANG_WARN_DIRECT_OBJC_ISA_USAGE = YES_ERROR;
				CLANG_WARN_DOCUMENTATION_COMMENTS = YES;
				CLANG_WARN_EMPTY_BODY = YES;
				CLANG_WARN_ENUM_CONVERSION = YES;
				CLANG_WARN_INFINITE_RECURSION = YES;
				CLANG_WARN_INT_CONVERSION = YES;
				CLANG_WARN_NON_LITERAL_NULL_CONVERSION = YES;
				CLANG_WARN_OBJC_IMPLICIT_RETAIN_SELF = YES;
				CLANG_WARN_OBJC_LITERAL_CONVERSION = YES;
				CLANG_WARN_OBJC_ROOT_CLASS = YES_ERROR;
				CLANG_WARN_RANGE_LOOP_ANALYSIS = YES;
				CLANG_WARN_STRICT_PROTOTYPES = YES;
				CLANG_WARN_SUSPICIOUS_MOVE = YES;
				CLANG_WARN_UNGUARDED_AVAILABILITY = YES_AGGRESSIVE;
				CLANG_WARN_UNREACHABLE_CODE = YES;
				CLANG_WARN__DUPLICATE_METHOD_MATCH = YES;
				COPY_PHASE_STRIP = NO;
				DEBUG_INFORMATION_FORMAT = "dwarf-with-dsym";
				ENABLE_NS_ASSERTIONS = NO;
				ENABLE_STRICT_OBJC_MSGSEND = YES;
				GCC_C_LANGUAGE_STANDARD = gnu11;
				GCC_NO_COMMON_BLOCKS = YES;
				GCC_WARN_64_TO_32_BIT_CONVERSION = YES;
				GCC_WARN_ABOUT_RETURN_TYPE = YES_ERROR;
				GCC_WARN_UNDECLARED_SELECTOR = YES;
				GCC_WARN_UNINITIALIZED_AUTOS = YES_AGGRESSIVE;
				GCC_WARN_UNUSED_FUNCTION = YES;
				GCC_WARN_UNUSED_VARIABLE = YES;
				IPHONEOS_DEPLOYMENT_TARGET = 13.2;
				MTL_ENABLE_DEBUG_INFO = NO;
				MTL_FAST_MATH = YES;
				SDKROOT = iphoneos;
				SWIFT_COMPILATION_MODE = wholemodule;
				SWIFT_OPTIMIZATION_LEVEL = "-O";
				VALIDATE_PRODUCT = YES;
			};
			name = Release;
		};
		7B1886A623FF7445001DA640 /* Debug */ = {
			isa = XCBuildConfiguration;
			buildSettings = {
				ASSETCATALOG_COMPILER_APPICON_NAME = AppIcon;
				CODE_SIGN_STYLE = Automatic;
				DEVELOPMENT_ASSET_PATHS = "\"ChartRecorder/Preview Content\"";
				DEVELOPMENT_TEAM = Y8UM4R3JR7;
				ENABLE_PREVIEWS = YES;
				INFOPLIST_FILE = ChartRecorder/Info.plist;
				LD_RUNPATH_SEARCH_PATHS = (
					"$(inherited)",
					"@executable_path/Frameworks",
				);
				PRODUCT_BUNDLE_IDENTIFIER = "com.Marshall-Fazzone.ChartRecorder";
				PRODUCT_NAME = "$(TARGET_NAME)";
				SWIFT_VERSION = 5.0;
				TARGETED_DEVICE_FAMILY = "1,2";
			};
			name = Debug;
		};
		7B1886A723FF7445001DA640 /* Release */ = {
			isa = XCBuildConfiguration;
			buildSettings = {
				ASSETCATALOG_COMPILER_APPICON_NAME = AppIcon;
				CODE_SIGN_STYLE = Automatic;
				DEVELOPMENT_ASSET_PATHS = "\"ChartRecorder/Preview Content\"";
				DEVELOPMENT_TEAM = Y8UM4R3JR7;
				ENABLE_PREVIEWS = YES;
				INFOPLIST_FILE = ChartRecorder/Info.plist;
				LD_RUNPATH_SEARCH_PATHS = (
					"$(inherited)",
					"@executable_path/Frameworks",
				);
				PRODUCT_BUNDLE_IDENTIFIER = "com.Marshall-Fazzone.ChartRecorder";
				PRODUCT_NAME = "$(TARGET_NAME)";
				SWIFT_VERSION = 5.0;
				TARGETED_DEVICE_FAMILY = "1,2";
			};
			name = Release;
		};
/* End XCBuildConfiguration section */

/* Begin XCConfigurationList section */
		7B18868C23FF7441001DA640 /* Build configuration list for PBXProject "ChartRecorder" */ = {
			isa = XCConfigurationList;
			buildConfigurations = (
				7B1886A323FF7445001DA640 /* Debug */,
				7B1886A423FF7445001DA640 /* Release */,
			);
			defaultConfigurationIsVisible = 0;
			defaultConfigurationName = Release;
		};
		7B1886A523FF7445001DA640 /* Build configuration list for PBXNativeTarget "ChartRecorder" */ = {
			isa = XCConfigurationList;
			buildConfigurations = (
				7B1886A623FF7445001DA640 /* Debug */,
				7B1886A723FF7445001DA640 /* Release */,
			);
			defaultConfigurationIsVisible = 0;
			defaultConfigurationName = Release;
		};
/* End XCConfigurationList section */
	};
	rootObject = 7B18868923FF7441001DA640 /* Project object */;
}
